github.com/hack-pad/go-indexeddb v0.3.2 h1:DTqeJJYc1usa45Q5r52t01KhvlSN02+Oq+tQbSBI91A=
github.com/hack-pad/go-indexeddb v0.3.2/go.mod h1:QvfTevpDVlkfomY498LhstjwbPW6QC4VC/lxYb0Kom0=
github.com/hack-pad/hackpadfs v0.2.1 h1:FelFhIhv26gyjujoA/yeFO+6YGlqzmc9la/6iKMIxMw=
github.com/hack-pad/hackpadfs v0.2.1/go.mod h1:khQBuCEwGXWakkmq8ZiFUvUZz84ZkJ2KNwKvChs4OrU=
github.com/hack-pad/safejs v0.1.1 h1:d5qPO0iQ7h2oVtpzGnLExE+Wn9AtytxIfltcS2b9KD8=
github.com/hack-pad/safejs v0.1.1/go.mod h1:HdS+bKF1NrE72VoXZeWzxFOVQVUSqZJAG0xNCnb+Tio=
github.com/pkg/errors v0.9.1 h1:FEBLx1zS214owpjy7qsBeixbURkuhQAwrK5UwLGTwt4=
github.com/pkg/errors v0.9.1/go.mod h1:bwawxfHBFNV+L2hUp1rHADufV3IMtnDRdf1r5NINEl0=
goki.dev/grr v0.0.12 h1:g0uvtM9Gj2AkRGf+fl1u8UX/+t/Ju8xADkuVQWPZMSA=
goki.dev/grr v0.0.12/go.mod h1:i8HvzZY1VPU3u/rNCw4No6/cdwVw0iOUUz4Yo/o/e4c=
