goki.dev/enums v0.9.36 h1:Zx4B6viKnHek5B1ZedJnH5a6GNFn67WxOlj0P5G5LI4=
goki.dev/enums v0.9.36/go.mod h1:yUKWfUEV150J+QfFE21Coamq/iBwQpML799hPPr51EM=
goki.dev/glop v0.1.4 h1:IBGyM/Aec5mDyT+hesq1jjCVc66TXM5fCdjSoxqJFlk=
goki.dev/glop v0.1.4/go.mod h1:IXICQzPtXZokKzpVsAZRK2IUeQEJer84SDjsejw4PSo=
goki.dev/grows v0.3.13 h1:kiBL2J0Sog3Y0v5E5jEjcGxZPtOMAbP4rjYao0D6fvQ=
goki.dev/grows v0.3.13/go.mod h1:/nLOzzO2rWWnjlGtytzncykRbaJsJG8virVcFUcTkWE=
goki.dev/gti v0.1.14 h1:IJCmlWlyTW20ENQYnUwKV9DpGsDOnC2SVcEEhU7ffl8=
goki.dev/gti v0.1.14/go.mod h1:w8sFKWajMiVJI7g/v/2Vg+s+/mEsLyrTQvOweSJ7/70=
goki.dev/laser v0.1.15 h1:C/5xwJK1j9kvDTAxAwWufhHl2sLByt0Gpqkss7Bbw0k=
goki.dev/laser v0.1.15/go.mod h1:zZjJftzZ3oLM8oc4AMQ4NyybINJmnA/nKLeT1SoW7b8=
goki.dev/ordmap v0.5.6 h1:BXakZzTYArRCXAje1e49npZPgEt9AoYguRD8D1Z24P0=
goki.dev/ordmap v0.5.6/go.mod h1:0w8tBn0d3KTc1gax89DGmRNmBWpZCXnXwQSzcdJ9Ayg=
